# THIS IS AN AUTOGENERATED FILE. DO NOT EDIT THIS FILE DIRECTLY.
# yarn lockfile v1


"@frenchpastries/assemble@^1.0.1":
  version "1.0.1"
  resolved "https://registry.yarnpkg.com/@frenchpastries/assemble/-/assemble-1.0.1.tgz#c821756da0026388772639a10f6681caf85cfb43"
  integrity sha512-WZmSjGot2hEBXI5heY25qnC+IKBFkv0OdjZ8lvawf8Ouhvi9YvJNq0kD7b5ji6sOfb3sN836TGGQMA5hOm8VBg==

"@frenchpastries/millefeuille@^1.0.2":
  version "1.0.2"
  resolved "https://registry.yarnpkg.com/@frenchpastries/millefeuille/-/millefeuille-1.0.2.tgz#9e3bf46c3c6490c27333eb5d336491accc8fd456"
  integrity sha512-pUAtz4Q38UfhMpgWLfuQvyWyNeuUT+Ktdkmf1KglA5ebtDcVgkOUvUC5+KRNVJPALFb4I7MI6D+0bFvQgFPrKA==

dotenv@^6.2.0:
  version "6.2.0"
  resolved "https://registry.yarnpkg.com/dotenv/-/dotenv-6.2.0.tgz#941c0410535d942c8becf28d3f357dbd9d476064"
  integrity sha512-HygQCKUBSFl8wKQZBSemMywRWcEDNidvNbjGVyZu3nbZ8qq9ubiPoGLMdRDpfSrpkkm9BXYFkpKxxFX38o/76w==
